
Microsoft Visual Studio Solution File, Format Version 12.00
# Visual Studio Version 17
VisualStudioVersion = 17.3.32804.467
MinimumVisualStudioVersion = 10.0.40219.1
Project("{FAE04EC0-301F-11D3-BF4B-00C04F79EFBC}") = "Pustok", "Pustok\Pustok.csproj", "{027BFD42-520C-4A33-AA97-80E1603701B8}"
EndProject
Global
	GlobalSection(SolutionConfigurationPlatforms) = preSolution
		Debug|Any CPU = Debug|Any CPU
		Release|Any CPU = Release|Any CPU
	EndGlobalSection
	GlobalSection(ProjectConfigurationPlatforms) = postSolution
		{027BFD42-520C-4A33-AA97-80E1603701B8}.Debug|Any CPU.ActiveCfg = Debug|Any CPU
		{027BFD42-520C-4A33-AA97-80E1603701B8}.Debug|Any CPU.Build.0 = Debug|Any CPU
		{027BFD42-520C-4A33-AA97-80E1603701B8}.Release|Any CPU.ActiveCfg = Release|Any CPU
		{027BFD42-520C-4A33-AA97-80E1603701B8}.Release|Any CPU.Build.0 = Release|Any CPU
	EndGlobalSection
	GlobalSection(SolutionProperties) = preSolution
		HideSolutionNode = FALSE
	EndGlobalSection
	GlobalSection(ExtensibilityGlobals) = postSolution
		SolutionGuid = {934A9647-0CDE-495D-AD8D-19C6EA67C04B}
	EndGlobalSection
EndGlobal
